
Microsoft Visual Studio Solution File, Format Version 11.00
# Visual Studio 2010
Project("{FAE04EC0-301F-11D3-BF4B-00C04F79EFBC}") = "Servidor", "SocketsChatScriptConsola\Servidor.csproj", "{8D4013E0-BE78-4A70-9198-FA3C44186366}"
EndProject
Project("{FAE04EC0-301F-11D3-BF4B-00C04F79EFBC}") = "Cliente", "Cliente\Cliente.csproj", "{CAC2BDC2-7C9D-4862-830A-E1B57D8861B0}"
EndProject
Project("{FAE04EC0-301F-11D3-BF4B-00C04F79EFBC}") = "Prueba", "Prueba\Prueba.csproj", "{72A5D288-38B2-4134-8696-976BFDDDF74E}"
EndProject
Global
	GlobalSection(SolutionConfigurationPlatforms) = preSolution
		Debug|x86 = Debug|x86
		Release|x86 = Release|x86
	EndGlobalSection
	GlobalSection(ProjectConfigurationPlatforms) = postSolution
		{8D4013E0-BE78-4A70-9198-FA3C44186366}.Debug|x86.ActiveCfg = Debug|x86
		{8D4013E0-BE78-4A70-9198-FA3C44186366}.Debug|x86.Build.0 = Debug|x86
		{8D4013E0-BE78-4A70-9198-FA3C44186366}.Release|x86.ActiveCfg = Release|x86
		{8D4013E0-BE78-4A70-9198-FA3C44186366}.Release|x86.Build.0 = Release|x86
		{CAC2BDC2-7C9D-4862-830A-E1B57D8861B0}.Debug|x86.ActiveCfg = Debug|x86
		{CAC2BDC2-7C9D-4862-830A-E1B57D8861B0}.Debug|x86.Build.0 = Debug|x86
		{CAC2BDC2-7C9D-4862-830A-E1B57D8861B0}.Release|x86.ActiveCfg = Release|x86
		{CAC2BDC2-7C9D-4862-830A-E1B57D8861B0}.Release|x86.Build.0 = Release|x86
		{72A5D288-38B2-4134-8696-976BFDDDF74E}.Debug|x86.ActiveCfg = Debug|x86
		{72A5D288-38B2-4134-8696-976BFDDDF74E}.Debug|x86.Build.0 = Debug|x86
		{72A5D288-38B2-4134-8696-976BFDDDF74E}.Release|x86.ActiveCfg = Release|x86
		{72A5D288-38B2-4134-8696-976BFDDDF74E}.Release|x86.Build.0 = Release|x86
	EndGlobalSection
	GlobalSection(SolutionProperties) = preSolution
		HideSolutionNode = FALSE
	EndGlobalSection
EndGlobal
